
Microsoft Visual Studio Solution File, Format Version 12.00
# Visual Studio 14
VisualStudioVersion = 14.0.25420.1
MinimumVisualStudioVersion = 10.0.40219.1
Project("{2150E333-8FDC-42A3-9474-1A3956D46DE8}") = "src", "src", "{4C3D39D2-3EF5-4EA5-9329-74FFDE14A4E4}"
EndProject
Project("{2150E333-8FDC-42A3-9474-1A3956D46DE8}") = "Solution Items", "Solution Items", "{D2CE54E5-7D60-466C-95E5-6B236C2900BA}"
	ProjectSection(SolutionItems) = preProject
		global.json = global.json
	EndProjectSection
EndProject
Project("{8BB2217D-0F2D-49D1-97BC-3654ED321F3B}") = "Excersize-3", "src\Excersize-3\Excersize-3.xproj", "{7D7F3EF5-582A-4650-B6F8-A5581E4CCB39}"
EndProject
Global
	GlobalSection(SolutionConfigurationPlatforms) = preSolution
		Debug|Any CPU = Debug|Any CPU
		Release|Any CPU = Release|Any CPU
	EndGlobalSection
	GlobalSection(ProjectConfigurationPlatforms) = postSolution
		{7D7F3EF5-582A-4650-B6F8-A5581E4CCB39}.Debug|Any CPU.ActiveCfg = Debug|Any CPU
		{7D7F3EF5-582A-4650-B6F8-A5581E4CCB39}.Debug|Any CPU.Build.0 = Debug|Any CPU
		{7D7F3EF5-582A-4650-B6F8-A5581E4CCB39}.Release|Any CPU.ActiveCfg = Release|Any CPU
		{7D7F3EF5-582A-4650-B6F8-A5581E4CCB39}.Release|Any CPU.Build.0 = Release|Any CPU
	EndGlobalSection
	GlobalSection(SolutionProperties) = preSolution
		HideSolutionNode = FALSE
	EndGlobalSection
	GlobalSection(NestedProjects) = preSolution
		{7D7F3EF5-582A-4650-B6F8-A5581E4CCB39} = {4C3D39D2-3EF5-4EA5-9329-74FFDE14A4E4}
	EndGlobalSection
EndGlobal
